
Microsoft Visual Studio Solution File, Format Version 12.00
# Visual Studio 2013
VisualStudioVersion = 12.0.31101.0
MinimumVisualStudioVersion = 10.0.40219.1
Project("{F2A71F9B-5D33-465A-A702-920D77279786}") = "Flame.Loyc", "Flame.Loyc\Flame.Loyc.fsproj", "{A8FF1E7F-E3C9-4C45-B383-AEA6DAADC901}"
EndProject
Project("{FAE04EC0-301F-11D3-BF4B-00C04F79EFBC}") = "fecs", "fecs\fecs.csproj", "{FC28EDFA-3868-4E66-8000-DEBF7940B475}"
EndProject
Global
	GlobalSection(SolutionConfigurationPlatforms) = preSolution
		Debug|Any CPU = Debug|Any CPU
		Release|Any CPU = Release|Any CPU
	EndGlobalSection
	GlobalSection(ProjectConfigurationPlatforms) = postSolution
		{A8FF1E7F-E3C9-4C45-B383-AEA6DAADC901}.Debug|Any CPU.ActiveCfg = Debug|Any CPU
		{A8FF1E7F-E3C9-4C45-B383-AEA6DAADC901}.Debug|Any CPU.Build.0 = Debug|Any CPU
		{A8FF1E7F-E3C9-4C45-B383-AEA6DAADC901}.Release|Any CPU.ActiveCfg = Release|Any CPU
		{A8FF1E7F-E3C9-4C45-B383-AEA6DAADC901}.Release|Any CPU.Build.0 = Release|Any CPU
		{FC28EDFA-3868-4E66-8000-DEBF7940B475}.Debug|Any CPU.ActiveCfg = Debug|Any CPU
		{FC28EDFA-3868-4E66-8000-DEBF7940B475}.Debug|Any CPU.Build.0 = Debug|Any CPU
		{FC28EDFA-3868-4E66-8000-DEBF7940B475}.Release|Any CPU.ActiveCfg = Release|Any CPU
		{FC28EDFA-3868-4E66-8000-DEBF7940B475}.Release|Any CPU.Build.0 = Release|Any CPU
	EndGlobalSection
	GlobalSection(SolutionProperties) = preSolution
		HideSolutionNode = FALSE
	EndGlobalSection
EndGlobal
